
Microsoft Visual Studio Solution File, Format Version 12.00
# Visual Studio Version 16
VisualStudioVersion = 16.0.30907.101
MinimumVisualStudioVersion = 10.0.40219.1
Project("{FAE04EC0-301F-11D3-BF4B-00C04F79EFBC}") = "Domain", "Domain\Domain.csproj", "{60809E1E-FB00-4600-85C6-C8F082CA147F}"
EndProject
Project("{FAE04EC0-301F-11D3-BF4B-00C04F79EFBC}") = "Application", "Application\Application.csproj", "{443FA9E6-90F7-46F2-A5AC-9B9EEAF994DB}"
EndProject
Project("{FAE04EC0-301F-11D3-BF4B-00C04F79EFBC}") = "WebApplication", "WebApplication\WebApplication.csproj", "{7FDAE20F-17DF-43A2-B663-0D10AE4574E4}"
EndProject
Global
	GlobalSection(SolutionConfigurationPlatforms) = preSolution
		Debug|Any CPU = Debug|Any CPU
		Release|Any CPU = Release|Any CPU
	EndGlobalSection
	GlobalSection(ProjectConfigurationPlatforms) = postSolution
		{60809E1E-FB00-4600-85C6-C8F082CA147F}.Debug|Any CPU.ActiveCfg = Debug|Any CPU
		{60809E1E-FB00-4600-85C6-C8F082CA147F}.Debug|Any CPU.Build.0 = Debug|Any CPU
		{60809E1E-FB00-4600-85C6-C8F082CA147F}.Release|Any CPU.ActiveCfg = Release|Any CPU
		{60809E1E-FB00-4600-85C6-C8F082CA147F}.Release|Any CPU.Build.0 = Release|Any CPU
		{443FA9E6-90F7-46F2-A5AC-9B9EEAF994DB}.Debug|Any CPU.ActiveCfg = Debug|Any CPU
		{443FA9E6-90F7-46F2-A5AC-9B9EEAF994DB}.Debug|Any CPU.Build.0 = Debug|Any CPU
		{443FA9E6-90F7-46F2-A5AC-9B9EEAF994DB}.Release|Any CPU.ActiveCfg = Release|Any CPU
		{443FA9E6-90F7-46F2-A5AC-9B9EEAF994DB}.Release|Any CPU.Build.0 = Release|Any CPU
		{7FDAE20F-17DF-43A2-B663-0D10AE4574E4}.Debug|Any CPU.ActiveCfg = Debug|Any CPU
		{7FDAE20F-17DF-43A2-B663-0D10AE4574E4}.Debug|Any CPU.Build.0 = Debug|Any CPU
		{7FDAE20F-17DF-43A2-B663-0D10AE4574E4}.Release|Any CPU.ActiveCfg = Release|Any CPU
		{7FDAE20F-17DF-43A2-B663-0D10AE4574E4}.Release|Any CPU.Build.0 = Release|Any CPU
	EndGlobalSection
	GlobalSection(SolutionProperties) = preSolution
		HideSolutionNode = FALSE
	EndGlobalSection
	GlobalSection(ExtensibilityGlobals) = postSolution
		SolutionGuid = {FA2461A9-449D-4BFE-A177-4CA36F101100}
	EndGlobalSection
EndGlobal
