
Microsoft Visual Studio Solution File, Format Version 12.00
# Visual Studio Version 17
VisualStudioVersion = 17.0.31903.59
MinimumVisualStudioVersion = 10.0.40219.1
Project("{9A19103F-16F7-4668-BE54-9A1E7A4F7556}") = "Domain", "Domain\Domain.csproj", "{60809E1E-FB00-4600-85C6-C8F082CA147F}"
EndProject
Project("{9A19103F-16F7-4668-BE54-9A1E7A4F7556}") = "Application", "Application\Application.csproj", "{443FA9E6-90F7-46F2-A5AC-9B9EEAF994DB}"
EndProject
Project("{9A19103F-16F7-4668-BE54-9A1E7A4F7556}") = "Infraestructure", "Infraestructure\Infraestructure.csproj", "{C8282045-5D4B-4E82-9692-88EF908C65BF}"
EndProject
Project("{9A19103F-16F7-4668-BE54-9A1E7A4F7556}") = "WebApi", "WebApi\WebApi.csproj", "{DCB8D571-3AC7-4C6C-AE33-357721B39F5D}"
EndProject
Project("{9A19103F-16F7-4668-BE54-9A1E7A4F7556}") = "BlazorApp", "BlazorApp\BlazorApp.csproj", "{6F735BC5-9A47-468D-BF4A-E2D738CDDB03}"
EndProject
Project("{2150E333-8FDC-42A3-9474-1A3956D46DE8}") = "1-Presentation", "1-Presentation", "{BCA4B4B9-FFAA-48BA-9229-93B21A8E644C}"
EndProject
Project("{2150E333-8FDC-42A3-9474-1A3956D46DE8}") = "2-Core", "2-Core", "{896C04F7-5A44-4161-99F4-78F59A299C37}"
EndProject
Project("{2150E333-8FDC-42A3-9474-1A3956D46DE8}") = "3-Infraestructure", "3-Infraestructure", "{71BB2C5A-70FD-46F2-8AE0-13F65D4C5177}"
EndProject
Project("{2150E333-8FDC-42A3-9474-1A3956D46DE8}") = "4-Tests", "4-Tests", "{F3A3D7FA-96C9-4AB3-AF92-09EBD41E42D3}"
EndProject
Project("{9A19103F-16F7-4668-BE54-9A1E7A4F7556}") = "Test", "Test\Test.csproj", "{012727D8-4971-461D-8E1E-8F5C636ED40C}"
EndProject
Global
	GlobalSection(SolutionConfigurationPlatforms) = preSolution
		Debug|Any CPU = Debug|Any CPU
		Release|Any CPU = Release|Any CPU
	EndGlobalSection
	GlobalSection(ProjectConfigurationPlatforms) = postSolution
		{60809E1E-FB00-4600-85C6-C8F082CA147F}.Debug|Any CPU.ActiveCfg = Debug|Any CPU
		{60809E1E-FB00-4600-85C6-C8F082CA147F}.Debug|Any CPU.Build.0 = Debug|Any CPU
		{60809E1E-FB00-4600-85C6-C8F082CA147F}.Release|Any CPU.ActiveCfg = Release|Any CPU
		{60809E1E-FB00-4600-85C6-C8F082CA147F}.Release|Any CPU.Build.0 = Release|Any CPU
		{443FA9E6-90F7-46F2-A5AC-9B9EEAF994DB}.Debug|Any CPU.ActiveCfg = Debug|Any CPU
		{443FA9E6-90F7-46F2-A5AC-9B9EEAF994DB}.Debug|Any CPU.Build.0 = Debug|Any CPU
		{443FA9E6-90F7-46F2-A5AC-9B9EEAF994DB}.Release|Any CPU.ActiveCfg = Release|Any CPU
		{443FA9E6-90F7-46F2-A5AC-9B9EEAF994DB}.Release|Any CPU.Build.0 = Release|Any CPU
		{C8282045-5D4B-4E82-9692-88EF908C65BF}.Debug|Any CPU.ActiveCfg = Debug|Any CPU
		{C8282045-5D4B-4E82-9692-88EF908C65BF}.Debug|Any CPU.Build.0 = Debug|Any CPU
		{C8282045-5D4B-4E82-9692-88EF908C65BF}.Release|Any CPU.ActiveCfg = Release|Any CPU
		{C8282045-5D4B-4E82-9692-88EF908C65BF}.Release|Any CPU.Build.0 = Release|Any CPU
		{DCB8D571-3AC7-4C6C-AE33-357721B39F5D}.Debug|Any CPU.ActiveCfg = Debug|Any CPU
		{DCB8D571-3AC7-4C6C-AE33-357721B39F5D}.Debug|Any CPU.Build.0 = Debug|Any CPU
		{DCB8D571-3AC7-4C6C-AE33-357721B39F5D}.Release|Any CPU.ActiveCfg = Release|Any CPU
		{DCB8D571-3AC7-4C6C-AE33-357721B39F5D}.Release|Any CPU.Build.0 = Release|Any CPU
		{6F735BC5-9A47-468D-BF4A-E2D738CDDB03}.Debug|Any CPU.ActiveCfg = Debug|Any CPU
		{6F735BC5-9A47-468D-BF4A-E2D738CDDB03}.Debug|Any CPU.Build.0 = Debug|Any CPU
		{6F735BC5-9A47-468D-BF4A-E2D738CDDB03}.Release|Any CPU.ActiveCfg = Release|Any CPU
		{6F735BC5-9A47-468D-BF4A-E2D738CDDB03}.Release|Any CPU.Build.0 = Release|Any CPU
		{012727D8-4971-461D-8E1E-8F5C636ED40C}.Debug|Any CPU.ActiveCfg = Debug|Any CPU
		{012727D8-4971-461D-8E1E-8F5C636ED40C}.Debug|Any CPU.Build.0 = Debug|Any CPU
		{012727D8-4971-461D-8E1E-8F5C636ED40C}.Release|Any CPU.ActiveCfg = Release|Any CPU
		{012727D8-4971-461D-8E1E-8F5C636ED40C}.Release|Any CPU.Build.0 = Release|Any CPU
	EndGlobalSection
	GlobalSection(SolutionProperties) = preSolution
		HideSolutionNode = FALSE
	EndGlobalSection
	GlobalSection(NestedProjects) = preSolution
		{60809E1E-FB00-4600-85C6-C8F082CA147F} = {896C04F7-5A44-4161-99F4-78F59A299C37}
		{443FA9E6-90F7-46F2-A5AC-9B9EEAF994DB} = {896C04F7-5A44-4161-99F4-78F59A299C37}
		{C8282045-5D4B-4E82-9692-88EF908C65BF} = {71BB2C5A-70FD-46F2-8AE0-13F65D4C5177}
		{DCB8D571-3AC7-4C6C-AE33-357721B39F5D} = {BCA4B4B9-FFAA-48BA-9229-93B21A8E644C}
		{6F735BC5-9A47-468D-BF4A-E2D738CDDB03} = {BCA4B4B9-FFAA-48BA-9229-93B21A8E644C}
		{012727D8-4971-461D-8E1E-8F5C636ED40C} = {F3A3D7FA-96C9-4AB3-AF92-09EBD41E42D3}
	EndGlobalSection
	GlobalSection(ExtensibilityGlobals) = postSolution
		SolutionGuid = {FA2461A9-449D-4BFE-A177-4CA36F101100}
	EndGlobalSection
EndGlobal
